
Microsoft Visual Studio Solution File, Format Version 12.00
# Visual Studio Version 17
VisualStudioVersion = 17.11.35312.102
MinimumVisualStudioVersion = 10.0.40219.1
Project("{FAE04EC0-301F-11D3-BF4B-00C04F79EFBC}") = "W5IntroToWpf", "W5IntroToWpf\W5IntroToWpf.csproj", "{B6111236-7675-4E80-99E4-F2DC77B448B7}"
EndProject
Global
	GlobalSection(SolutionConfigurationPlatforms) = preSolution
		Debug|Any CPU = Debug|Any CPU
		Release|Any CPU = Release|Any CPU
	EndGlobalSection
	GlobalSection(ProjectConfigurationPlatforms) = postSolution
		{B6111236-7675-4E80-99E4-F2DC77B448B7}.Debug|Any CPU.ActiveCfg = Debug|Any CPU
		{B6111236-7675-4E80-99E4-F2DC77B448B7}.Debug|Any CPU.Build.0 = Debug|Any CPU
		{B6111236-7675-4E80-99E4-F2DC77B448B7}.Release|Any CPU.ActiveCfg = Release|Any CPU
		{B6111236-7675-4E80-99E4-F2DC77B448B7}.Release|Any CPU.Build.0 = Release|Any CPU
	EndGlobalSection
	GlobalSection(SolutionProperties) = preSolution
		HideSolutionNode = FALSE
	EndGlobalSection
	GlobalSection(ExtensibilityGlobals) = postSolution
		SolutionGuid = {F7C1A5E0-9DA4-4E44-B62A-8659B8315739}
	EndGlobalSection
EndGlobal
